
Microsoft Visual Studio Solution File, Format Version 12.00
# Visual Studio Version 17
VisualStudioVersion = 17.2.32526.322
MinimumVisualStudioVersion = 10.0.40219.1
Project("{FAE04EC0-301F-11D3-BF4B-00C04F79EFBC}") = "aula28_Rotas", "aula28_Rotas\aula28_Rotas.csproj", "{381D97C4-74F5-4D12-9665-BB60749FEBBD}"
EndProject
Global
	GlobalSection(SolutionConfigurationPlatforms) = preSolution
		Debug|Any CPU = Debug|Any CPU
		Release|Any CPU = Release|Any CPU
	EndGlobalSection
	GlobalSection(ProjectConfigurationPlatforms) = postSolution
		{381D97C4-74F5-4D12-9665-BB60749FEBBD}.Debug|Any CPU.ActiveCfg = Debug|Any CPU
		{381D97C4-74F5-4D12-9665-BB60749FEBBD}.Debug|Any CPU.Build.0 = Debug|Any CPU
		{381D97C4-74F5-4D12-9665-BB60749FEBBD}.Release|Any CPU.ActiveCfg = Release|Any CPU
		{381D97C4-74F5-4D12-9665-BB60749FEBBD}.Release|Any CPU.Build.0 = Release|Any CPU
	EndGlobalSection
	GlobalSection(SolutionProperties) = preSolution
		HideSolutionNode = FALSE
	EndGlobalSection
	GlobalSection(ExtensibilityGlobals) = postSolution
		SolutionGuid = {377194FB-88C5-44AF-9747-B69211A94AF5}
	EndGlobalSection
EndGlobal
