
Microsoft Visual Studio Solution File, Format Version 12.00
# Visual Studio Version 17
VisualStudioVersion = 17.2.32526.322
MinimumVisualStudioVersion = 10.0.40219.1
Project("{FAE04EC0-301F-11D3-BF4B-00C04F79EFBC}") = "aula29_catalogoFilmes", "aula29_catalogoFilmes\aula29_catalogoFilmes.csproj", "{9B69389D-5CE0-4A87-B597-85FE38B53EC5}"
EndProject
Global
	GlobalSection(SolutionConfigurationPlatforms) = preSolution
		Debug|Any CPU = Debug|Any CPU
		Release|Any CPU = Release|Any CPU
	EndGlobalSection
	GlobalSection(ProjectConfigurationPlatforms) = postSolution
		{9B69389D-5CE0-4A87-B597-85FE38B53EC5}.Debug|Any CPU.ActiveCfg = Debug|Any CPU
		{9B69389D-5CE0-4A87-B597-85FE38B53EC5}.Debug|Any CPU.Build.0 = Debug|Any CPU
		{9B69389D-5CE0-4A87-B597-85FE38B53EC5}.Release|Any CPU.ActiveCfg = Release|Any CPU
		{9B69389D-5CE0-4A87-B597-85FE38B53EC5}.Release|Any CPU.Build.0 = Release|Any CPU
	EndGlobalSection
	GlobalSection(SolutionProperties) = preSolution
		HideSolutionNode = FALSE
	EndGlobalSection
	GlobalSection(ExtensibilityGlobals) = postSolution
		SolutionGuid = {0772A04F-5730-4BC5-A023-495159682CD7}
	EndGlobalSection
EndGlobal
