
Microsoft Visual Studio Solution File, Format Version 12.00
# Visual Studio Version 17
VisualStudioVersion = 17.2.32526.322
MinimumVisualStudioVersion = 10.0.40219.1
Project("{FAE04EC0-301F-11D3-BF4B-00C04F79EFBC}") = "Aula16_WPF", "Aula16_WPF\Aula16_WPF.csproj", "{36A192E1-6C06-4D97-942E-E6AD966A3F51}"
EndProject
Global
	GlobalSection(SolutionConfigurationPlatforms) = preSolution
		Debug|Any CPU = Debug|Any CPU
		Release|Any CPU = Release|Any CPU
	EndGlobalSection
	GlobalSection(ProjectConfigurationPlatforms) = postSolution
		{36A192E1-6C06-4D97-942E-E6AD966A3F51}.Debug|Any CPU.ActiveCfg = Debug|Any CPU
		{36A192E1-6C06-4D97-942E-E6AD966A3F51}.Debug|Any CPU.Build.0 = Debug|Any CPU
		{36A192E1-6C06-4D97-942E-E6AD966A3F51}.Release|Any CPU.ActiveCfg = Release|Any CPU
		{36A192E1-6C06-4D97-942E-E6AD966A3F51}.Release|Any CPU.Build.0 = Release|Any CPU
	EndGlobalSection
	GlobalSection(SolutionProperties) = preSolution
		HideSolutionNode = FALSE
	EndGlobalSection
	GlobalSection(ExtensibilityGlobals) = postSolution
		SolutionGuid = {B88337E4-549B-4FC2-AD97-3E63FC45FB9F}
	EndGlobalSection
EndGlobal
