
Microsoft Visual Studio Solution File, Format Version 12.00
# Visual Studio Version 17
VisualStudioVersion = 17.2.32526.322
MinimumVisualStudioVersion = 10.0.40219.1
Project("{FAE04EC0-301F-11D3-BF4B-00C04F79EFBC}") = "aula-08_ciclos-vetores_aprendendo", "aula-08_ciclos-vetores_aprendendo\aula-08_ciclos-vetores_aprendendo.csproj", "{36DDFF76-4B85-4BFF-A296-C8C1D9EE75AA}"
EndProject
Global
	GlobalSection(SolutionConfigurationPlatforms) = preSolution
		Debug|Any CPU = Debug|Any CPU
		Release|Any CPU = Release|Any CPU
	EndGlobalSection
	GlobalSection(ProjectConfigurationPlatforms) = postSolution
		{36DDFF76-4B85-4BFF-A296-C8C1D9EE75AA}.Debug|Any CPU.ActiveCfg = Debug|Any CPU
		{36DDFF76-4B85-4BFF-A296-C8C1D9EE75AA}.Debug|Any CPU.Build.0 = Debug|Any CPU
		{36DDFF76-4B85-4BFF-A296-C8C1D9EE75AA}.Release|Any CPU.ActiveCfg = Release|Any CPU
		{36DDFF76-4B85-4BFF-A296-C8C1D9EE75AA}.Release|Any CPU.Build.0 = Release|Any CPU
	EndGlobalSection
	GlobalSection(SolutionProperties) = preSolution
		HideSolutionNode = FALSE
	EndGlobalSection
	GlobalSection(ExtensibilityGlobals) = postSolution
		SolutionGuid = {08FEC131-EECC-46FC-8F02-0648DCBAFBD3}
	EndGlobalSection
EndGlobal
