
Microsoft Visual Studio Solution File, Format Version 12.00
# Visual Studio Version 17
VisualStudioVersion = 17.2.32526.322
MinimumVisualStudioVersion = 10.0.40219.1
Project("{FAE04EC0-301F-11D3-BF4B-00C04F79EFBC}") = "desafio_funcoes-condicionais", "desafio_funcoes-condicionais\desafio_funcoes-condicionais.csproj", "{8BCE6FB2-23F4-4A39-8D4B-2D3B5AF66C92}"
EndProject
Global
	GlobalSection(SolutionConfigurationPlatforms) = preSolution
		Debug|Any CPU = Debug|Any CPU
		Release|Any CPU = Release|Any CPU
	EndGlobalSection
	GlobalSection(ProjectConfigurationPlatforms) = postSolution
		{8BCE6FB2-23F4-4A39-8D4B-2D3B5AF66C92}.Debug|Any CPU.ActiveCfg = Debug|Any CPU
		{8BCE6FB2-23F4-4A39-8D4B-2D3B5AF66C92}.Debug|Any CPU.Build.0 = Debug|Any CPU
		{8BCE6FB2-23F4-4A39-8D4B-2D3B5AF66C92}.Release|Any CPU.ActiveCfg = Release|Any CPU
		{8BCE6FB2-23F4-4A39-8D4B-2D3B5AF66C92}.Release|Any CPU.Build.0 = Release|Any CPU
	EndGlobalSection
	GlobalSection(SolutionProperties) = preSolution
		HideSolutionNode = FALSE
	EndGlobalSection
	GlobalSection(ExtensibilityGlobals) = postSolution
		SolutionGuid = {D91C77D2-8EC0-4F49-A6CD-29DFE0488F39}
	EndGlobalSection
EndGlobal
