
Microsoft Visual Studio Solution File, Format Version 12.00
# Visual Studio Version 17
VisualStudioVersion = 17.2.32526.322
MinimumVisualStudioVersion = 10.0.40219.1
Project("{FAE04EC0-301F-11D3-BF4B-00C04F79EFBC}") = "aula30_EntityRelacionamento", "aula30_EntityRelacionamento\aula30_EntityRelacionamento.csproj", "{90DCA95D-1AAA-4025-93AE-FADEAEB33CA9}"
EndProject
Global
	GlobalSection(SolutionConfigurationPlatforms) = preSolution
		Debug|Any CPU = Debug|Any CPU
		Release|Any CPU = Release|Any CPU
	EndGlobalSection
	GlobalSection(ProjectConfigurationPlatforms) = postSolution
		{90DCA95D-1AAA-4025-93AE-FADEAEB33CA9}.Debug|Any CPU.ActiveCfg = Debug|Any CPU
		{90DCA95D-1AAA-4025-93AE-FADEAEB33CA9}.Debug|Any CPU.Build.0 = Debug|Any CPU
		{90DCA95D-1AAA-4025-93AE-FADEAEB33CA9}.Release|Any CPU.ActiveCfg = Release|Any CPU
		{90DCA95D-1AAA-4025-93AE-FADEAEB33CA9}.Release|Any CPU.Build.0 = Release|Any CPU
	EndGlobalSection
	GlobalSection(SolutionProperties) = preSolution
		HideSolutionNode = FALSE
	EndGlobalSection
	GlobalSection(ExtensibilityGlobals) = postSolution
		SolutionGuid = {FC231C4B-4C6B-4962-87E2-C6016FF7B561}
	EndGlobalSection
EndGlobal
