
Microsoft Visual Studio Solution File, Format Version 12.00
# Visual Studio Version 17
VisualStudioVersion = 17.2.32526.322
MinimumVisualStudioVersion = 10.0.40219.1
Project("{FAE04EC0-301F-11D3-BF4B-00C04F79EFBC}") = "aula-07_atividade", "aula-07_atividade\aula-07_atividade.csproj", "{0AD2742B-8F90-4A48-A748-AA40B6402483}"
EndProject
Global
	GlobalSection(SolutionConfigurationPlatforms) = preSolution
		Debug|Any CPU = Debug|Any CPU
		Release|Any CPU = Release|Any CPU
	EndGlobalSection
	GlobalSection(ProjectConfigurationPlatforms) = postSolution
		{0AD2742B-8F90-4A48-A748-AA40B6402483}.Debug|Any CPU.ActiveCfg = Debug|Any CPU
		{0AD2742B-8F90-4A48-A748-AA40B6402483}.Debug|Any CPU.Build.0 = Debug|Any CPU
		{0AD2742B-8F90-4A48-A748-AA40B6402483}.Release|Any CPU.ActiveCfg = Release|Any CPU
		{0AD2742B-8F90-4A48-A748-AA40B6402483}.Release|Any CPU.Build.0 = Release|Any CPU
	EndGlobalSection
	GlobalSection(SolutionProperties) = preSolution
		HideSolutionNode = FALSE
	EndGlobalSection
	GlobalSection(ExtensibilityGlobals) = postSolution
		SolutionGuid = {2F4DA340-1FBF-4182-89A1-88354B012925}
	EndGlobalSection
EndGlobal
