
Microsoft Visual Studio Solution File, Format Version 12.00
# Visual Studio Version 17
VisualStudioVersion = 17.2.32526.322
MinimumVisualStudioVersion = 10.0.40219.1
Project("{FAE04EC0-301F-11D3-BF4B-00C04F79EFBC}") = "desafioConversao", "desafioConversao\desafioConversao.csproj", "{E1A3D164-89C9-4DB8-AC6A-4CE1479435C2}"
EndProject
Global
	GlobalSection(SolutionConfigurationPlatforms) = preSolution
		Debug|Any CPU = Debug|Any CPU
		Release|Any CPU = Release|Any CPU
	EndGlobalSection
	GlobalSection(ProjectConfigurationPlatforms) = postSolution
		{E1A3D164-89C9-4DB8-AC6A-4CE1479435C2}.Debug|Any CPU.ActiveCfg = Debug|Any CPU
		{E1A3D164-89C9-4DB8-AC6A-4CE1479435C2}.Debug|Any CPU.Build.0 = Debug|Any CPU
		{E1A3D164-89C9-4DB8-AC6A-4CE1479435C2}.Release|Any CPU.ActiveCfg = Release|Any CPU
		{E1A3D164-89C9-4DB8-AC6A-4CE1479435C2}.Release|Any CPU.Build.0 = Release|Any CPU
	EndGlobalSection
	GlobalSection(SolutionProperties) = preSolution
		HideSolutionNode = FALSE
	EndGlobalSection
	GlobalSection(ExtensibilityGlobals) = postSolution
		SolutionGuid = {661CD26C-ED07-4C2A-AC4F-79C9ADFC5056}
	EndGlobalSection
EndGlobal
